Microsoft Visual Studio Solution File, Format Version 12.00
# Visual Studio Version 17
VisualStudioVersion = 17.5.2.0
MinimumVisualStudioVersion = 10.0.40219.1
Project("{FAE04EC0-301F-11D3-BF4B-00C04F79EFBC}") = "claude_tts", "claude_tts.csproj", "{7EB85966-A4D2-279C-F732-2194BCC63E6F}"
EndProject
Global
	GlobalSection(SolutionConfigurationPlatforms) = preSolution
		Debug|Any CPU = Debug|Any CPU
		Release|Any CPU = Release|Any CPU
	EndGlobalSection
	GlobalSection(ProjectConfigurationPlatforms) = postSolution
		{7EB85966-A4D2-279C-F732-2194BCC63E6F}.Debug|Any CPU.ActiveCfg = Debug|Any CPU
		{7EB85966-A4D2-279C-F732-2194BCC63E6F}.Debug|Any CPU.Build.0 = Debug|Any CPU
		{7EB85966-A4D2-279C-F732-2194BCC63E6F}.Release|Any CPU.ActiveCfg = Release|Any CPU
		{7EB85966-A4D2-279C-F732-2194BCC63E6F}.Release|Any CPU.Build.0 = Release|Any CPU
	EndGlobalSection
	GlobalSection(SolutionProperties) = preSolution
		HideSolutionNode = FALSE
	EndGlobalSection
	GlobalSection(ExtensibilityGlobals) = postSolution
		SolutionGuid = {8DE885B0-0B99-4DC2-92B2-584099ECA2B0}
	EndGlobalSection
EndGlobal
